{
  "name": "openweather-signalk",
  "version": "0.1.0",
  "lockfileVersion": 1,
  "requires": true,
  "dependencies": {
    "debug": {
      "version": "4.3.1",
      "resolved": "https://registry.npmjs.org/debug/-/debug-4.3.1.tgz",
      "integrity": "sha512-doEwdvm4PCeK4K3RQN2ZC2BYUBaxwLARCqZmMjtF8a51J2Rb0xpVloFRnCODwqjpwnAoao4pelN8l3RJdv3gRQ==",
      "requires": {
        "ms": "2.1.2"
      }
    },
    "ms": {
      "version": "2.1.2",
      "resolved": "https://registry.npmjs.org/ms/-/ms-2.1.2.tgz",
      "integrity": "sha512-sGkPx+VjMtmA6MX27oA4FBFELFCZZ4S4XqeGOXCv68tT+jb3vk/RyaKWP0PTKyWtmLSM0b+adUTEvbs1PEaH2w=="
    },
    "openweather-apis": {
      "version": "4.4.1",
      "resolved": "https://registry.npmjs.org/openweather-apis/-/openweather-apis-4.4.1.tgz",
      "integrity": "sha512-/t3IVSEwLFQN2xBdu4iAib9OifLzdAbea/OCokchZgvMOgwMEmr8g/pRz2HjuYQpHp6HWaiS2dMf5h48LJPGug=="
    }
  }
}
